
Microsoft Visual Studio Solution File, Format Version 12.00
# Visual Studio 15
Project("{FAE04EC0-301F-11D3-BF4B-00C04F79EFBC}") = "UnityEngine.TestRunner", "UnityEngine.TestRunner.csproj", "{626CCB5F-5645-AAED-D7EA-D1B651A3ACC8}"
EndProject
Project("{FAE04EC0-301F-11D3-BF4B-00C04F79EFBC}") = "Unity.VisualScripting.Flow", "Unity.VisualScripting.Flow.csproj", "{48AD7CCB-8821-374A-9A2C-6FC2DE4230E4}"
EndProject
Project("{FAE04EC0-301F-11D3-BF4B-00C04F79EFBC}") = "Unity.Services.Core.Telemetry", "Unity.Services.Core.Telemetry.csproj", "{ED3513C7-69F0-4BC9-0E5D-91C982D092A2}"
EndProject
Project("{FAE04EC0-301F-11D3-BF4B-00C04F79EFBC}") = "Unity.VisualScripting.State", "Unity.VisualScripting.State.csproj", "{F93EE481-365E-1778-94B4-94CE6F8057CE}"
EndProject
Project("{FAE04EC0-301F-11D3-BF4B-00C04F79EFBC}") = "Unity.VisualScripting.Core", "Unity.VisualScripting.Core.csproj", "{04126B7E-10B4-A797-C734-C86B21D72180}"
EndProject
Project("{FAE04EC0-301F-11D3-BF4B-00C04F79EFBC}") = "Unity.Services.Core.Environments.Internal", "Unity.Services.Core.Environments.Internal.csproj", "{4777AA36-3691-6E13-09D3-4EDBC981C3DD}"
EndProject
Project("{FAE04EC0-301F-11D3-BF4B-00C04F79EFBC}") = "Unity.TextMeshPro", "Unity.TextMeshPro.csproj", "{319EB37B-5D94-2803-5328-B9AA2865CF6D}"
EndProject
Project("{FAE04EC0-301F-11D3-BF4B-00C04F79EFBC}") = "Unity.Timeline", "Unity.Timeline.csproj", "{E3634231-3E6F-62E4-4AB0-4423DC658AB0}"
EndProject
Project("{FAE04EC0-301F-11D3-BF4B-00C04F79EFBC}") = "Unity.Services.Core", "Unity.Services.Core.csproj", "{55E65E22-3A7A-6ABE-7985-3C45DFB78BE3}"
EndProject
Project("{FAE04EC0-301F-11D3-BF4B-00C04F79EFBC}") = "Unity.Services.Core.Environments", "Unity.Services.Core.Environments.csproj", "{26570F41-BA98-6395-7528-1442ECF5221D}"
EndProject
Project("{FAE04EC0-301F-11D3-BF4B-00C04F79EFBC}") = "Unity.Services.Core.Internal", "Unity.Services.Core.Internal.csproj", "{D8D5352A-31A9-5D1E-145E-C8905B435F37}"
EndProject
Project("{FAE04EC0-301F-11D3-BF4B-00C04F79EFBC}") = "Unity.Services.Core.Analytics", "Unity.Services.Core.Analytics.csproj", "{EC800458-375B-DF63-C4FB-AAB5B71B07CD}"
EndProject
Project("{FAE04EC0-301F-11D3-BF4B-00C04F79EFBC}") = "Unity.Services.Core.Scheduler", "Unity.Services.Core.Scheduler.csproj", "{7FF3C6EE-4B68-BA5A-CB34-38AB8DDE95D5}"
EndProject
Project("{FAE04EC0-301F-11D3-BF4B-00C04F79EFBC}") = "Unity.Services.Core.Registration", "Unity.Services.Core.Registration.csproj", "{C6708C1C-0D78-F31F-93C8-315A973839B8}"
EndProject
Project("{FAE04EC0-301F-11D3-BF4B-00C04F79EFBC}") = "Unity.Services.Core.Device", "Unity.Services.Core.Device.csproj", "{5E145E11-A580-F8F2-5E83-FFB12EEE7D64}"
EndProject
Project("{FAE04EC0-301F-11D3-BF4B-00C04F79EFBC}") = "Unity.Services.Core.Threading", "Unity.Services.Core.Threading.csproj", "{CE556F53-4D46-6699-C65C-6B528DB1483B}"
EndProject
Project("{FAE04EC0-301F-11D3-BF4B-00C04F79EFBC}") = "Unity.Services.Core.Networking", "Unity.Services.Core.Networking.csproj", "{AB860275-3EB5-0CD2-7F40-90B08181F46B}"
EndProject
Project("{FAE04EC0-301F-11D3-BF4B-00C04F79EFBC}") = "Unity.Services.Core.Configuration", "Unity.Services.Core.Configuration.csproj", "{5FDB9064-BE6A-D6F7-FD75-1DAD95D8BA34}"
EndProject
Project("{FAE04EC0-301F-11D3-BF4B-00C04F79EFBC}") = "Assembly-CSharp", "Assembly-CSharp.csproj", "{EEFB5E9F-9F7D-3747-439A-7B126FDAEEA5}"
EndProject
Project("{FAE04EC0-301F-11D3-BF4B-00C04F79EFBC}") = "Unity.PlasticSCM.Editor", "Unity.PlasticSCM.Editor.csproj", "{B94FECC4-5DF0-9657-8F64-9FFED4D5142B}"
EndProject
Project("{FAE04EC0-301F-11D3-BF4B-00C04F79EFBC}") = "Unity.VisualScripting.Core.Editor", "Unity.VisualScripting.Core.Editor.csproj", "{E7B7F644-5527-D6F0-444E-9EA26EDC1AF3}"
EndProject
Project("{FAE04EC0-301F-11D3-BF4B-00C04F79EFBC}") = "Unity.VisualScripting.Flow.Editor", "Unity.VisualScripting.Flow.Editor.csproj", "{C1C1BC7B-E05A-30E0-EB9D-C46DCB2A1384}"
EndProject
Project("{FAE04EC0-301F-11D3-BF4B-00C04F79EFBC}") = "Unity.VisualStudio.Editor", "Unity.VisualStudio.Editor.csproj", "{6F28CAD9-FE16-93DA-5229-58F7D9CD5A6F}"
EndProject
Project("{FAE04EC0-301F-11D3-BF4B-00C04F79EFBC}") = "Unity.Timeline.Editor", "Unity.Timeline.Editor.csproj", "{6EC1F5CD-CEF6-615B-8A1A-3CCB99F6E47E}"
EndProject
Project("{FAE04EC0-301F-11D3-BF4B-00C04F79EFBC}") = "Unity.VisualScripting.State.Editor", "Unity.VisualScripting.State.Editor.csproj", "{BDCA52E5-810E-6449-4FF2-C1346BC8BE97}"
EndProject
Project("{FAE04EC0-301F-11D3-BF4B-00C04F79EFBC}") = "Unity.TextMeshPro.Editor", "Unity.TextMeshPro.Editor.csproj", "{FFC7BB06-4187-39EF-196E-0BDF2DC46429}"
EndProject
Project("{FAE04EC0-301F-11D3-BF4B-00C04F79EFBC}") = "Unity.VisualScripting.SettingsProvider.Editor", "Unity.VisualScripting.SettingsProvider.Editor.csproj", "{FECD2870-34AD-3F1F-2A2D-98577B28C67E}"
EndProject
Project("{FAE04EC0-301F-11D3-BF4B-00C04F79EFBC}") = "Unity.CollabProxy.Editor", "Unity.CollabProxy.Editor.csproj", "{F62F0A77-3E54-7839-7DA4-CDC3F26564B8}"
EndProject
Project("{FAE04EC0-301F-11D3-BF4B-00C04F79EFBC}") = "UnityEditor.TestRunner", "UnityEditor.TestRunner.csproj", "{D7CA3AA0-E717-2ADB-7F15-F11DBEF2ED63}"
EndProject
Project("{FAE04EC0-301F-11D3-BF4B-00C04F79EFBC}") = "Unity.Services.Core.Editor", "Unity.Services.Core.Editor.csproj", "{617FD4C4-F25A-0DE4-688A-153EB80A1C0A}"
EndProject
Project("{FAE04EC0-301F-11D3-BF4B-00C04F79EFBC}") = "Unity.TestTools.CodeCoverage.Editor", "Unity.TestTools.CodeCoverage.Editor.csproj", "{A008D1E8-8C25-9BFD-7D96-F50486E02716}"
EndProject
Project("{FAE04EC0-301F-11D3-BF4B-00C04F79EFBC}") = "Unity.Rider.Editor", "Unity.Rider.Editor.csproj", "{3F9C7DF4-CAB2-02BE-E6AF-9781BA998624}"
EndProject
Project("{FAE04EC0-301F-11D3-BF4B-00C04F79EFBC}") = "Unity.Performance.Profile-Analyzer.Editor", "Unity.Performance.Profile-Analyzer.Editor.csproj", "{CECF22EB-EDCF-9BA4-AC73-1CA23E87151A}"
EndProject
Project("{FAE04EC0-301F-11D3-BF4B-00C04F79EFBC}") = "Unity.VSCode.Editor", "Unity.VSCode.Editor.csproj", "{EB1A37B2-03C1-C634-790E-40B8270F8393}"
EndProject
Project("{FAE04EC0-301F-11D3-BF4B-00C04F79EFBC}") = "Unity.TestTools.CodeCoverage.Editor.OpenCover.Model", "Unity.TestTools.CodeCoverage.Editor.OpenCover.Model.csproj", "{71742489-794C-A252-F60A-D8A6EBD9AAAA}"
EndProject
Project("{FAE04EC0-301F-11D3-BF4B-00C04F79EFBC}") = "Unity.EditorCoroutines.Editor", "Unity.EditorCoroutines.Editor.csproj", "{4E935310-C8B3-0FAE-A068-679774EE9689}"
EndProject
Project("{FAE04EC0-301F-11D3-BF4B-00C04F79EFBC}") = "Unity.Settings.Editor", "Unity.Settings.Editor.csproj", "{88633FF7-9762-966A-BBAC-39CC41885668}"
EndProject
Project("{FAE04EC0-301F-11D3-BF4B-00C04F79EFBC}") = "Unity.Services.Core.Configuration.Editor", "Unity.Services.Core.Configuration.Editor.csproj", "{592E9F33-F16D-19C2-33BD-883716E48FF7}"
EndProject
Project("{FAE04EC0-301F-11D3-BF4B-00C04F79EFBC}") = "Unity.TestTools.CodeCoverage.Editor.OpenCover.Mono.Reflection", "Unity.TestTools.CodeCoverage.Editor.OpenCover.Mono.Reflection.csproj", "{7E76A831-A9AE-53DA-E5A1-C8BEC5A5F3D8}"
EndProject
Project("{FAE04EC0-301F-11D3-BF4B-00C04F79EFBC}") = "Unity.VisualScripting.Shared.Editor", "Unity.VisualScripting.Shared.Editor.csproj", "{29896DA6-F2D3-1E73-6888-5289536810BC}"
EndProject
Global
	GlobalSection(SolutionConfigurationPlatforms) = preSolution
		Debug|Any CPU = Debug|Any CPU
		Release|Any CPU = Release|Any CPU
	EndGlobalSection
	GlobalSection(ProjectConfigurationPlatforms) = postSolution
		{626CCB5F-5645-AAED-D7EA-D1B651A3ACC8}.Debug|Any CPU.ActiveCfg = Debug|Any CPU
		{626CCB5F-5645-AAED-D7EA-D1B651A3ACC8}.Debug|Any CPU.Build.0 = Debug|Any CPU
		{626CCB5F-5645-AAED-D7EA-D1B651A3ACC8}.Release|Any CPU.ActiveCfg = Release|Any CPU
		{626CCB5F-5645-AAED-D7EA-D1B651A3ACC8}.Release|Any CPU.Build.0 = Release|Any CPU
		{48AD7CCB-8821-374A-9A2C-6FC2DE4230E4}.Debug|Any CPU.ActiveCfg = Debug|Any CPU
		{48AD7CCB-8821-374A-9A2C-6FC2DE4230E4}.Debug|Any CPU.Build.0 = Debug|Any CPU
		{48AD7CCB-8821-374A-9A2C-6FC2DE4230E4}.Release|Any CPU.ActiveCfg = Release|Any CPU
		{48AD7CCB-8821-374A-9A2C-6FC2DE4230E4}.Release|Any CPU.Build.0 = Release|Any CPU
		{ED3513C7-69F0-4BC9-0E5D-91C982D092A2}.Debug|Any CPU.ActiveCfg = Debug|Any CPU
		{ED3513C7-69F0-4BC9-0E5D-91C982D092A2}.Debug|Any CPU.Build.0 = Debug|Any CPU
		{ED3513C7-69F0-4BC9-0E5D-91C982D092A2}.Release|Any CPU.ActiveCfg = Release|Any CPU
		{ED3513C7-69F0-4BC9-0E5D-91C982D092A2}.Release|Any CPU.Build.0 = Release|Any CPU
		{F93EE481-365E-1778-94B4-94CE6F8057CE}.Debug|Any CPU.ActiveCfg = Debug|Any CPU
		{F93EE481-365E-1778-94B4-94CE6F8057CE}.Debug|Any CPU.Build.0 = Debug|Any CPU
		{F93EE481-365E-1778-94B4-94CE6F8057CE}.Release|Any CPU.ActiveCfg = Release|Any CPU
		{F93EE481-365E-1778-94B4-94CE6F8057CE}.Release|Any CPU.Build.0 = Release|Any CPU
		{04126B7E-10B4-A797-C734-C86B21D72180}.Debug|Any CPU.ActiveCfg = Debug|Any CPU
		{04126B7E-10B4-A797-C734-C86B21D72180}.Debug|Any CPU.Build.0 = Debug|Any CPU
		{04126B7E-10B4-A797-C734-C86B21D72180}.Release|Any CPU.ActiveCfg = Release|Any CPU
		{04126B7E-10B4-A797-C734-C86B21D72180}.Release|Any CPU.Build.0 = Release|Any CPU
		{4777AA36-3691-6E13-09D3-4EDBC981C3DD}.Debug|Any CPU.ActiveCfg = Debug|Any CPU
		{4777AA36-3691-6E13-09D3-4EDBC981C3DD}.Debug|Any CPU.Build.0 = Debug|Any CPU
		{4777AA36-3691-6E13-09D3-4EDBC981C3DD}.Release|Any CPU.ActiveCfg = Release|Any CPU
		{4777AA36-3691-6E13-09D3-4EDBC981C3DD}.Release|Any CPU.Build.0 = Release|Any CPU
		{319EB37B-5D94-2803-5328-B9AA2865CF6D}.Debug|Any CPU.ActiveCfg = Debug|Any CPU
		{319EB37B-5D94-2803-5328-B9AA2865CF6D}.Debug|Any CPU.Build.0 = Debug|Any CPU
		{319EB37B-5D94-2803-5328-B9AA2865CF6D}.Release|Any CPU.ActiveCfg = Release|Any CPU
		{319EB37B-5D94-2803-5328-B9AA2865CF6D}.Release|Any CPU.Build.0 = Release|Any CPU
		{E3634231-3E6F-62E4-4AB0-4423DC658AB0}.Debug|Any CPU.ActiveCfg = Debug|Any CPU
		{E3634231-3E6F-62E4-4AB0-4423DC658AB0}.Debug|Any CPU.Build.0 = Debug|Any CPU
		{E3634231-3E6F-62E4-4AB0-4423DC658AB0}.Release|Any CPU.ActiveCfg = Release|Any CPU
		{E3634231-3E6F-62E4-4AB0-4423DC658AB0}.Release|Any CPU.Build.0 = Release|Any CPU
		{55E65E22-3A7A-6ABE-7985-3C45DFB78BE3}.Debug|Any CPU.ActiveCfg = Debug|Any CPU
		{55E65E22-3A7A-6ABE-7985-3C45DFB78BE3}.Debug|Any CPU.Build.0 = Debug|Any CPU
		{55E65E22-3A7A-6ABE-7985-3C45DFB78BE3}.Release|Any CPU.ActiveCfg = Release|Any CPU
		{55E65E22-3A7A-6ABE-7985-3C45DFB78BE3}.Release|Any CPU.Build.0 = Release|Any CPU
		{26570F41-BA98-6395-7528-1442ECF5221D}.Debug|Any CPU.ActiveCfg = Debug|Any CPU
		{26570F41-BA98-6395-7528-1442ECF5221D}.Debug|Any CPU.Build.0 = Debug|Any CPU
		{26570F41-BA98-6395-7528-1442ECF5221D}.Release|Any CPU.ActiveCfg = Release|Any CPU
		{26570F41-BA98-6395-7528-1442ECF5221D}.Release|Any CPU.Build.0 = Release|Any CPU
		{D8D5352A-31A9-5D1E-145E-C8905B435F37}.Debug|Any CPU.ActiveCfg = Debug|Any CPU
		{D8D5352A-31A9-5D1E-145E-C8905B435F37}.Debug|Any CPU.Build.0 = Debug|Any CPU
		{D8D5352A-31A9-5D1E-145E-C8905B435F37}.Release|Any CPU.ActiveCfg = Release|Any CPU
		{D8D5352A-31A9-5D1E-145E-C8905B435F37}.Release|Any CPU.Build.0 = Release|Any CPU
		{EC800458-375B-DF63-C4FB-AAB5B71B07CD}.Debug|Any CPU.ActiveCfg = Debug|Any CPU
		{EC800458-375B-DF63-C4FB-AAB5B71B07CD}.Debug|Any CPU.Build.0 = Debug|Any CPU
		{EC800458-375B-DF63-C4FB-AAB5B71B07CD}.Release|Any CPU.ActiveCfg = Release|Any CPU
		{EC800458-375B-DF63-C4FB-AAB5B71B07CD}.Release|Any CPU.Build.0 = Release|Any CPU
		{7FF3C6EE-4B68-BA5A-CB34-38AB8DDE95D5}.Debug|Any CPU.ActiveCfg = Debug|Any CPU
		{7FF3C6EE-4B68-BA5A-CB34-38AB8DDE95D5}.Debug|Any CPU.Build.0 = Debug|Any CPU
		{7FF3C6EE-4B68-BA5A-CB34-38AB8DDE95D5}.Release|Any CPU.ActiveCfg = Release|Any CPU
		{7FF3C6EE-4B68-BA5A-CB34-38AB8DDE95D5}.Release|Any CPU.Build.0 = Release|Any CPU
		{C6708C1C-0D78-F31F-93C8-315A973839B8}.Debug|Any CPU.ActiveCfg = Debug|Any CPU
		{C6708C1C-0D78-F31F-93C8-315A973839B8}.Debug|Any CPU.Build.0 = Debug|Any CPU
		{C6708C1C-0D78-F31F-93C8-315A973839B8}.Release|Any CPU.ActiveCfg = Release|Any CPU
		{C6708C1C-0D78-F31F-93C8-315A973839B8}.Release|Any CPU.Build.0 = Release|Any CPU
		{5E145E11-A580-F8F2-5E83-FFB12EEE7D64}.Debug|Any CPU.ActiveCfg = Debug|Any CPU
		{5E145E11-A580-F8F2-5E83-FFB12EEE7D64}.Debug|Any CPU.Build.0 = Debug|Any CPU
		{5E145E11-A580-F8F2-5E83-FFB12EEE7D64}.Release|Any CPU.ActiveCfg = Release|Any CPU
		{5E145E11-A580-F8F2-5E83-FFB12EEE7D64}.Release|Any CPU.Build.0 = Release|Any CPU
		{CE556F53-4D46-6699-C65C-6B528DB1483B}.Debug|Any CPU.ActiveCfg = Debug|Any CPU
		{CE556F53-4D46-6699-C65C-6B528DB1483B}.Debug|Any CPU.Build.0 = Debug|Any CPU
		{CE556F53-4D46-6699-C65C-6B528DB1483B}.Release|Any CPU.ActiveCfg = Release|Any CPU
		{CE556F53-4D46-6699-C65C-6B528DB1483B}.Release|Any CPU.Build.0 = Release|Any CPU
		{AB860275-3EB5-0CD2-7F40-90B08181F46B}.Debug|Any CPU.ActiveCfg = Debug|Any CPU
		{AB860275-3EB5-0CD2-7F40-90B08181F46B}.Debug|Any CPU.Build.0 = Debug|Any CPU
		{AB860275-3EB5-0CD2-7F40-90B08181F46B}.Release|Any CPU.ActiveCfg = Release|Any CPU
		{AB860275-3EB5-0CD2-7F40-90B08181F46B}.Release|Any CPU.Build.0 = Release|Any CPU
		{5FDB9064-BE6A-D6F7-FD75-1DAD95D8BA34}.Debug|Any CPU.ActiveCfg = Debug|Any CPU
		{5FDB9064-BE6A-D6F7-FD75-1DAD95D8BA34}.Debug|Any CPU.Build.0 = Debug|Any CPU
		{5FDB9064-BE6A-D6F7-FD75-1DAD95D8BA34}.Release|Any CPU.ActiveCfg = Release|Any CPU
		{5FDB9064-BE6A-D6F7-FD75-1DAD95D8BA34}.Release|Any CPU.Build.0 = Release|Any CPU
		{EEFB5E9F-9F7D-3747-439A-7B126FDAEEA5}.Debug|Any CPU.ActiveCfg = Debug|Any CPU
		{EEFB5E9F-9F7D-3747-439A-7B126FDAEEA5}.Debug|Any CPU.Build.0 = Debug|Any CPU
		{EEFB5E9F-9F7D-3747-439A-7B126FDAEEA5}.Release|Any CPU.ActiveCfg = Release|Any CPU
		{EEFB5E9F-9F7D-3747-439A-7B126FDAEEA5}.Release|Any CPU.Build.0 = Release|Any CPU
		{B94FECC4-5DF0-9657-8F64-9FFED4D5142B}.Debug|Any CPU.ActiveCfg = Debug|Any CPU
		{B94FECC4-5DF0-9657-8F64-9FFED4D5142B}.Debug|Any CPU.Build.0 = Debug|Any CPU
		{B94FECC4-5DF0-9657-8F64-9FFED4D5142B}.Release|Any CPU.ActiveCfg = Release|Any CPU
		{B94FECC4-5DF0-9657-8F64-9FFED4D5142B}.Release|Any CPU.Build.0 = Release|Any CPU
		{E7B7F644-5527-D6F0-444E-9EA26EDC1AF3}.Debug|Any CPU.ActiveCfg = Debug|Any CPU
		{E7B7F644-5527-D6F0-444E-9EA26EDC1AF3}.Debug|Any CPU.Build.0 = Debug|Any CPU
		{E7B7F644-5527-D6F0-444E-9EA26EDC1AF3}.Release|Any CPU.ActiveCfg = Release|Any CPU
		{E7B7F644-5527-D6F0-444E-9EA26EDC1AF3}.Release|Any CPU.Build.0 = Release|Any CPU
		{C1C1BC7B-E05A-30E0-EB9D-C46DCB2A1384}.Debug|Any CPU.ActiveCfg = Debug|Any CPU
		{C1C1BC7B-E05A-30E0-EB9D-C46DCB2A1384}.Debug|Any CPU.Build.0 = Debug|Any CPU
		{C1C1BC7B-E05A-30E0-EB9D-C46DCB2A1384}.Release|Any CPU.ActiveCfg = Release|Any CPU
		{C1C1BC7B-E05A-30E0-EB9D-C46DCB2A1384}.Release|Any CPU.Build.0 = Release|Any CPU
		{6F28CAD9-FE16-93DA-5229-58F7D9CD5A6F}.Debug|Any CPU.ActiveCfg = Debug|Any CPU
		{6F28CAD9-FE16-93DA-5229-58F7D9CD5A6F}.Debug|Any CPU.Build.0 = Debug|Any CPU
		{6F28CAD9-FE16-93DA-5229-58F7D9CD5A6F}.Release|Any CPU.ActiveCfg = Release|Any CPU
		{6F28CAD9-FE16-93DA-5229-58F7D9CD5A6F}.Release|Any CPU.Build.0 = Release|Any CPU
		{6EC1F5CD-CEF6-615B-8A1A-3CCB99F6E47E}.Debug|Any CPU.ActiveCfg = Debug|Any CPU
		{6EC1F5CD-CEF6-615B-8A1A-3CCB99F6E47E}.Debug|Any CPU.Build.0 = Debug|Any CPU
		{6EC1F5CD-CEF6-615B-8A1A-3CCB99F6E47E}.Release|Any CPU.ActiveCfg = Release|Any CPU
		{6EC1F5CD-CEF6-615B-8A1A-3CCB99F6E47E}.Release|Any CPU.Build.0 = Release|Any CPU
		{BDCA52E5-810E-6449-4FF2-C1346BC8BE97}.Debug|Any CPU.ActiveCfg = Debug|Any CPU
		{BDCA52E5-810E-6449-4FF2-C1346BC8BE97}.Debug|Any CPU.Build.0 = Debug|Any CPU
		{BDCA52E5-810E-6449-4FF2-C1346BC8BE97}.Release|Any CPU.ActiveCfg = Release|Any CPU
		{BDCA52E5-810E-6449-4FF2-C1346BC8BE97}.Release|Any CPU.Build.0 = Release|Any CPU
		{FFC7BB06-4187-39EF-196E-0BDF2DC46429}.Debug|Any CPU.ActiveCfg = Debug|Any CPU
		{FFC7BB06-4187-39EF-196E-0BDF2DC46429}.Debug|Any CPU.Build.0 = Debug|Any CPU
		{FFC7BB06-4187-39EF-196E-0BDF2DC46429}.Release|Any CPU.ActiveCfg = Release|Any CPU
		{FFC7BB06-4187-39EF-196E-0BDF2DC46429}.Release|Any CPU.Build.0 = Release|Any CPU
		{FECD2870-34AD-3F1F-2A2D-98577B28C67E}.Debug|Any CPU.ActiveCfg = Debug|Any CPU
		{FECD2870-34AD-3F1F-2A2D-98577B28C67E}.Debug|Any CPU.Build.0 = Debug|Any CPU
		{FECD2870-34AD-3F1F-2A2D-98577B28C67E}.Release|Any CPU.ActiveCfg = Release|Any CPU
		{FECD2870-34AD-3F1F-2A2D-98577B28C67E}.Release|Any CPU.Build.0 = Release|Any CPU
		{F62F0A77-3E54-7839-7DA4-CDC3F26564B8}.Debug|Any CPU.ActiveCfg = Debug|Any CPU
		{F62F0A77-3E54-7839-7DA4-CDC3F26564B8}.Debug|Any CPU.Build.0 = Debug|Any CPU
		{F62F0A77-3E54-7839-7DA4-CDC3F26564B8}.Release|Any CPU.ActiveCfg = Release|Any CPU
		{F62F0A77-3E54-7839-7DA4-CDC3F26564B8}.Release|Any CPU.Build.0 = Release|Any CPU
		{D7CA3AA0-E717-2ADB-7F15-F11DBEF2ED63}.Debug|Any CPU.ActiveCfg = Debug|Any CPU
		{D7CA3AA0-E717-2ADB-7F15-F11DBEF2ED63}.Debug|Any CPU.Build.0 = Debug|Any CPU
		{D7CA3AA0-E717-2ADB-7F15-F11DBEF2ED63}.Release|Any CPU.ActiveCfg = Release|Any CPU
		{D7CA3AA0-E717-2ADB-7F15-F11DBEF2ED63}.Release|Any CPU.Build.0 = Release|Any CPU
		{617FD4C4-F25A-0DE4-688A-153EB80A1C0A}.Debug|Any CPU.ActiveCfg = Debug|Any CPU
		{617FD4C4-F25A-0DE4-688A-153EB80A1C0A}.Debug|Any CPU.Build.0 = Debug|Any CPU
		{617FD4C4-F25A-0DE4-688A-153EB80A1C0A}.Release|Any CPU.ActiveCfg = Release|Any CPU
		{617FD4C4-F25A-0DE4-688A-153EB80A1C0A}.Release|Any CPU.Build.0 = Release|Any CPU
		{A008D1E8-8C25-9BFD-7D96-F50486E02716}.Debug|Any CPU.ActiveCfg = Debug|Any CPU
		{A008D1E8-8C25-9BFD-7D96-F50486E02716}.Debug|Any CPU.Build.0 = Debug|Any CPU
		{A008D1E8-8C25-9BFD-7D96-F50486E02716}.Release|Any CPU.ActiveCfg = Release|Any CPU
		{A008D1E8-8C25-9BFD-7D96-F50486E02716}.Release|Any CPU.Build.0 = Release|Any CPU
		{3F9C7DF4-CAB2-02BE-E6AF-9781BA998624}.Debug|Any CPU.ActiveCfg = Debug|Any CPU
		{3F9C7DF4-CAB2-02BE-E6AF-9781BA998624}.Debug|Any CPU.Build.0 = Debug|Any CPU
		{3F9C7DF4-CAB2-02BE-E6AF-9781BA998624}.Release|Any CPU.ActiveCfg = Release|Any CPU
		{3F9C7DF4-CAB2-02BE-E6AF-9781BA998624}.Release|Any CPU.Build.0 = Release|Any CPU
		{CECF22EB-EDCF-9BA4-AC73-1CA23E87151A}.Debug|Any CPU.ActiveCfg = Debug|Any CPU
		{CECF22EB-EDCF-9BA4-AC73-1CA23E87151A}.Debug|Any CPU.Build.0 = Debug|Any CPU
		{CECF22EB-EDCF-9BA4-AC73-1CA23E87151A}.Release|Any CPU.ActiveCfg = Release|Any CPU
		{CECF22EB-EDCF-9BA4-AC73-1CA23E87151A}.Release|Any CPU.Build.0 = Release|Any CPU
		{EB1A37B2-03C1-C634-790E-40B8270F8393}.Debug|Any CPU.ActiveCfg = Debug|Any CPU
		{EB1A37B2-03C1-C634-790E-40B8270F8393}.Debug|Any CPU.Build.0 = Debug|Any CPU
		{EB1A37B2-03C1-C634-790E-40B8270F8393}.Release|Any CPU.ActiveCfg = Release|Any CPU
		{EB1A37B2-03C1-C634-790E-40B8270F8393}.Release|Any CPU.Build.0 = Release|Any CPU
		{71742489-794C-A252-F60A-D8A6EBD9AAAA}.Debug|Any CPU.ActiveCfg = Debug|Any CPU
		{71742489-794C-A252-F60A-D8A6EBD9AAAA}.Debug|Any CPU.Build.0 = Debug|Any CPU
		{71742489-794C-A252-F60A-D8A6EBD9AAAA}.Release|Any CPU.ActiveCfg = Release|Any CPU
		{71742489-794C-A252-F60A-D8A6EBD9AAAA}.Release|Any CPU.Build.0 = Release|Any CPU
		{4E935310-C8B3-0FAE-A068-679774EE9689}.Debug|Any CPU.ActiveCfg = Debug|Any CPU
		{4E935310-C8B3-0FAE-A068-679774EE9689}.Debug|Any CPU.Build.0 = Debug|Any CPU
		{4E935310-C8B3-0FAE-A068-679774EE9689}.Release|Any CPU.ActiveCfg = Release|Any CPU
		{4E935310-C8B3-0FAE-A068-679774EE9689}.Release|Any CPU.Build.0 = Release|Any CPU
		{88633FF7-9762-966A-BBAC-39CC41885668}.Debug|Any CPU.ActiveCfg = Debug|Any CPU
		{88633FF7-9762-966A-BBAC-39CC41885668}.Debug|Any CPU.Build.0 = Debug|Any CPU
		{88633FF7-9762-966A-BBAC-39CC41885668}.Release|Any CPU.ActiveCfg = Release|Any CPU
		{88633FF7-9762-966A-BBAC-39CC41885668}.Release|Any CPU.Build.0 = Release|Any CPU
		{592E9F33-F16D-19C2-33BD-883716E48FF7}.Debug|Any CPU.ActiveCfg = Debug|Any CPU
		{592E9F33-F16D-19C2-33BD-883716E48FF7}.Debug|Any CPU.Build.0 = Debug|Any CPU
		{592E9F33-F16D-19C2-33BD-883716E48FF7}.Release|Any CPU.ActiveCfg = Release|Any CPU
		{592E9F33-F16D-19C2-33BD-883716E48FF7}.Release|Any CPU.Build.0 = Release|Any CPU
		{7E76A831-A9AE-53DA-E5A1-C8BEC5A5F3D8}.Debug|Any CPU.ActiveCfg = Debug|Any CPU
		{7E76A831-A9AE-53DA-E5A1-C8BEC5A5F3D8}.Debug|Any CPU.Build.0 = Debug|Any CPU
		{7E76A831-A9AE-53DA-E5A1-C8BEC5A5F3D8}.Release|Any CPU.ActiveCfg = Release|Any CPU
		{7E76A831-A9AE-53DA-E5A1-C8BEC5A5F3D8}.Release|Any CPU.Build.0 = Release|Any CPU
		{29896DA6-F2D3-1E73-6888-5289536810BC}.Debug|Any CPU.ActiveCfg = Debug|Any CPU
		{29896DA6-F2D3-1E73-6888-5289536810BC}.Debug|Any CPU.Build.0 = Debug|Any CPU
		{29896DA6-F2D3-1E73-6888-5289536810BC}.Release|Any CPU.ActiveCfg = Release|Any CPU
		{29896DA6-F2D3-1E73-6888-5289536810BC}.Release|Any CPU.Build.0 = Release|Any CPU
	EndGlobalSection
	GlobalSection(SolutionProperties) = preSolution
		HideSolutionNode = FALSE
	EndGlobalSection
EndGlobal
